
Microsoft Visual Studio Solution File, Format Version 12.00
# Visual Studio 2013
VisualStudioVersion = 12.0.31101.0
MinimumVisualStudioVersion = 10.0.40219.1
Project("{FAE04EC0-301F-11D3-BF4B-00C04F79EFBC}") = "Write", "Write\Write.csproj", "{AC6809D8-C092-4DDA-A300-0D47227B3369}"
EndProject
Project("{FAE04EC0-301F-11D3-BF4B-00C04F79EFBC}") = "WriteTests", "WriteTests\WriteTests.csproj", "{CE6CFB7D-09BA-4F2E-B4BB-7729C4578F99}"
EndProject
Project("{FAE04EC0-301F-11D3-BF4B-00C04F79EFBC}") = "Write.Dal.CodeFirst", "Write.Dal.CodeFirst\Write.Dal.CodeFirst.csproj", "{661C887F-4741-4039-9746-CC89155562E0}"
EndProject
Project("{FAE04EC0-301F-11D3-BF4B-00C04F79EFBC}") = "Common", "Common\Common.csproj", "{0273CD07-ED6F-45BB-9858-F60E913D1F27}"
EndProject
Project("{2150E333-8FDC-42A3-9474-1A3956D46DE8}") = "Tests", "Tests", "{E5739448-83A4-4AFE-ADFF-5D4BEAFC3C2B}"
EndProject
Project("{FAE04EC0-301F-11D3-BF4B-00C04F79EFBC}") = "TestCommon", "TestCommon\TestCommon.csproj", "{7486E900-C1EB-43A5-97BC-9A90CCCC60D6}"
EndProject
Project("{FAE04EC0-301F-11D3-BF4B-00C04F79EFBC}") = "IntegrationTests", "IntegrationTests\IntegrationTests.csproj", "{512129C6-05B8-41E7-9D72-AF92C0790829}"
EndProject
Project("{2150E333-8FDC-42A3-9474-1A3956D46DE8}") = "Common", "Common", "{82AEC155-DF2B-4A11-A402-AB27BA14838C}"
EndProject
Project("{2150E333-8FDC-42A3-9474-1A3956D46DE8}") = "Domain", "Domain", "{58429178-4713-46E6-88D6-443CDC6CE3B7}"
EndProject
Project("{2150E333-8FDC-42A3-9474-1A3956D46DE8}") = "DataAccess", "DataAccess", "{1A292E1B-6E45-4EB5-9F53-27DF8896E1F1}"
EndProject
Project("{2150E333-8FDC-42A3-9474-1A3956D46DE8}") = "Api", "Api", "{A97FE008-D5C6-48E3-A2A6-2720BCFE3272}"
EndProject
Project("{FAE04EC0-301F-11D3-BF4B-00C04F79EFBC}") = "WebApi", "WebApi\WebApi.csproj", "{66C5FA7B-810E-4684-BFA9-B14B3182338C}"
EndProject
Project("{FAE04EC0-301F-11D3-BF4B-00C04F79EFBC}") = "WebApiTests", "WebApiTests\WebApiTests.csproj", "{0020EC91-06E7-4447-A2FE-66C67CDA81B7}"
EndProject
Project("{FAE04EC0-301F-11D3-BF4B-00C04F79EFBC}") = "WriteToRead", "WriteToRead\WriteToRead.csproj", "{B354D469-FCFB-4919-AE31-7BACEE92BD36}"
EndProject
Project("{FAE04EC0-301F-11D3-BF4B-00C04F79EFBC}") = "WriteToReadTests", "WriteToReadTests\WriteToReadTests.csproj", "{197A6195-0BB1-4857-BB76-A328F064A51A}"
EndProject
Project("{FAE04EC0-301F-11D3-BF4B-00C04F79EFBC}") = "Read", "Read\Read.csproj", "{D477C5A9-3893-4927-9B86-4F604AEAD4D0}"
EndProject
Project("{FAE04EC0-301F-11D3-BF4B-00C04F79EFBC}") = "Read.Dal.CodeFirst", "Read.Dal.CodeFirst\Read.Dal.CodeFirst.csproj", "{47A4C6AB-7678-4CC5-9731-BED81AF882A3}"
EndProject
Project("{FAE04EC0-301F-11D3-BF4B-00C04F79EFBC}") = "ReadTests", "ReadTests\ReadTests.csproj", "{071AD302-D27B-430B-AC04-586856D523A7}"
EndProject
Project("{2150E333-8FDC-42A3-9474-1A3956D46DE8}") = "Utilities", "Utilities", "{F4FF504E-AE1F-4B0C-8AD7-6BA68AF8EFB8}"
EndProject
Project("{FAE04EC0-301F-11D3-BF4B-00C04F79EFBC}") = "CreateDatabases", "CreateDatabases\CreateDatabases.csproj", "{FA83F66F-D541-4881-B254-3D3A025FF3F8}"
EndProject
Global
	GlobalSection(SolutionConfigurationPlatforms) = preSolution
		Debug|Any CPU = Debug|Any CPU
		Release|Any CPU = Release|Any CPU
	EndGlobalSection
	GlobalSection(ProjectConfigurationPlatforms) = postSolution
		{AC6809D8-C092-4DDA-A300-0D47227B3369}.Debug|Any CPU.ActiveCfg = Debug|Any CPU
		{AC6809D8-C092-4DDA-A300-0D47227B3369}.Debug|Any CPU.Build.0 = Debug|Any CPU
		{AC6809D8-C092-4DDA-A300-0D47227B3369}.Release|Any CPU.ActiveCfg = Release|Any CPU
		{AC6809D8-C092-4DDA-A300-0D47227B3369}.Release|Any CPU.Build.0 = Release|Any CPU
		{CE6CFB7D-09BA-4F2E-B4BB-7729C4578F99}.Debug|Any CPU.ActiveCfg = Debug|Any CPU
		{CE6CFB7D-09BA-4F2E-B4BB-7729C4578F99}.Debug|Any CPU.Build.0 = Debug|Any CPU
		{CE6CFB7D-09BA-4F2E-B4BB-7729C4578F99}.Release|Any CPU.ActiveCfg = Release|Any CPU
		{CE6CFB7D-09BA-4F2E-B4BB-7729C4578F99}.Release|Any CPU.Build.0 = Release|Any CPU
		{661C887F-4741-4039-9746-CC89155562E0}.Debug|Any CPU.ActiveCfg = Debug|Any CPU
		{661C887F-4741-4039-9746-CC89155562E0}.Debug|Any CPU.Build.0 = Debug|Any CPU
		{661C887F-4741-4039-9746-CC89155562E0}.Release|Any CPU.ActiveCfg = Release|Any CPU
		{661C887F-4741-4039-9746-CC89155562E0}.Release|Any CPU.Build.0 = Release|Any CPU
		{0273CD07-ED6F-45BB-9858-F60E913D1F27}.Debug|Any CPU.ActiveCfg = Debug|Any CPU
		{0273CD07-ED6F-45BB-9858-F60E913D1F27}.Debug|Any CPU.Build.0 = Debug|Any CPU
		{0273CD07-ED6F-45BB-9858-F60E913D1F27}.Release|Any CPU.ActiveCfg = Release|Any CPU
		{0273CD07-ED6F-45BB-9858-F60E913D1F27}.Release|Any CPU.Build.0 = Release|Any CPU
		{7486E900-C1EB-43A5-97BC-9A90CCCC60D6}.Debug|Any CPU.ActiveCfg = Debug|Any CPU
		{7486E900-C1EB-43A5-97BC-9A90CCCC60D6}.Debug|Any CPU.Build.0 = Debug|Any CPU
		{7486E900-C1EB-43A5-97BC-9A90CCCC60D6}.Release|Any CPU.ActiveCfg = Release|Any CPU
		{7486E900-C1EB-43A5-97BC-9A90CCCC60D6}.Release|Any CPU.Build.0 = Release|Any CPU
		{512129C6-05B8-41E7-9D72-AF92C0790829}.Debug|Any CPU.ActiveCfg = Debug|Any CPU
		{512129C6-05B8-41E7-9D72-AF92C0790829}.Debug|Any CPU.Build.0 = Debug|Any CPU
		{512129C6-05B8-41E7-9D72-AF92C0790829}.Release|Any CPU.ActiveCfg = Release|Any CPU
		{512129C6-05B8-41E7-9D72-AF92C0790829}.Release|Any CPU.Build.0 = Release|Any CPU
		{66C5FA7B-810E-4684-BFA9-B14B3182338C}.Debug|Any CPU.ActiveCfg = Debug|Any CPU
		{66C5FA7B-810E-4684-BFA9-B14B3182338C}.Debug|Any CPU.Build.0 = Debug|Any CPU
		{66C5FA7B-810E-4684-BFA9-B14B3182338C}.Release|Any CPU.ActiveCfg = Release|Any CPU
		{66C5FA7B-810E-4684-BFA9-B14B3182338C}.Release|Any CPU.Build.0 = Release|Any CPU
		{0020EC91-06E7-4447-A2FE-66C67CDA81B7}.Debug|Any CPU.ActiveCfg = Debug|Any CPU
		{0020EC91-06E7-4447-A2FE-66C67CDA81B7}.Debug|Any CPU.Build.0 = Debug|Any CPU
		{0020EC91-06E7-4447-A2FE-66C67CDA81B7}.Release|Any CPU.ActiveCfg = Release|Any CPU
		{0020EC91-06E7-4447-A2FE-66C67CDA81B7}.Release|Any CPU.Build.0 = Release|Any CPU
		{B354D469-FCFB-4919-AE31-7BACEE92BD36}.Debug|Any CPU.ActiveCfg = Debug|Any CPU
		{B354D469-FCFB-4919-AE31-7BACEE92BD36}.Debug|Any CPU.Build.0 = Debug|Any CPU
		{B354D469-FCFB-4919-AE31-7BACEE92BD36}.Release|Any CPU.ActiveCfg = Release|Any CPU
		{B354D469-FCFB-4919-AE31-7BACEE92BD36}.Release|Any CPU.Build.0 = Release|Any CPU
		{197A6195-0BB1-4857-BB76-A328F064A51A}.Debug|Any CPU.ActiveCfg = Debug|Any CPU
		{197A6195-0BB1-4857-BB76-A328F064A51A}.Debug|Any CPU.Build.0 = Debug|Any CPU
		{197A6195-0BB1-4857-BB76-A328F064A51A}.Release|Any CPU.ActiveCfg = Release|Any CPU
		{197A6195-0BB1-4857-BB76-A328F064A51A}.Release|Any CPU.Build.0 = Release|Any CPU
		{D477C5A9-3893-4927-9B86-4F604AEAD4D0}.Debug|Any CPU.ActiveCfg = Debug|Any CPU
		{D477C5A9-3893-4927-9B86-4F604AEAD4D0}.Debug|Any CPU.Build.0 = Debug|Any CPU
		{D477C5A9-3893-4927-9B86-4F604AEAD4D0}.Release|Any CPU.ActiveCfg = Release|Any CPU
		{D477C5A9-3893-4927-9B86-4F604AEAD4D0}.Release|Any CPU.Build.0 = Release|Any CPU
		{47A4C6AB-7678-4CC5-9731-BED81AF882A3}.Debug|Any CPU.ActiveCfg = Debug|Any CPU
		{47A4C6AB-7678-4CC5-9731-BED81AF882A3}.Debug|Any CPU.Build.0 = Debug|Any CPU
		{47A4C6AB-7678-4CC5-9731-BED81AF882A3}.Release|Any CPU.ActiveCfg = Release|Any CPU
		{47A4C6AB-7678-4CC5-9731-BED81AF882A3}.Release|Any CPU.Build.0 = Release|Any CPU
		{071AD302-D27B-430B-AC04-586856D523A7}.Debug|Any CPU.ActiveCfg = Debug|Any CPU
		{071AD302-D27B-430B-AC04-586856D523A7}.Debug|Any CPU.Build.0 = Debug|Any CPU
		{071AD302-D27B-430B-AC04-586856D523A7}.Release|Any CPU.ActiveCfg = Release|Any CPU
		{071AD302-D27B-430B-AC04-586856D523A7}.Release|Any CPU.Build.0 = Release|Any CPU
		{FA83F66F-D541-4881-B254-3D3A025FF3F8}.Debug|Any CPU.ActiveCfg = Debug|Any CPU
		{FA83F66F-D541-4881-B254-3D3A025FF3F8}.Debug|Any CPU.Build.0 = Debug|Any CPU
		{FA83F66F-D541-4881-B254-3D3A025FF3F8}.Release|Any CPU.ActiveCfg = Release|Any CPU
		{FA83F66F-D541-4881-B254-3D3A025FF3F8}.Release|Any CPU.Build.0 = Release|Any CPU
	EndGlobalSection
	GlobalSection(SolutionProperties) = preSolution
		HideSolutionNode = FALSE
	EndGlobalSection
	GlobalSection(NestedProjects) = preSolution
		{AC6809D8-C092-4DDA-A300-0D47227B3369} = {58429178-4713-46E6-88D6-443CDC6CE3B7}
		{CE6CFB7D-09BA-4F2E-B4BB-7729C4578F99} = {E5739448-83A4-4AFE-ADFF-5D4BEAFC3C2B}
		{661C887F-4741-4039-9746-CC89155562E0} = {1A292E1B-6E45-4EB5-9F53-27DF8896E1F1}
		{0273CD07-ED6F-45BB-9858-F60E913D1F27} = {82AEC155-DF2B-4A11-A402-AB27BA14838C}
		{7486E900-C1EB-43A5-97BC-9A90CCCC60D6} = {E5739448-83A4-4AFE-ADFF-5D4BEAFC3C2B}
		{512129C6-05B8-41E7-9D72-AF92C0790829} = {E5739448-83A4-4AFE-ADFF-5D4BEAFC3C2B}
		{66C5FA7B-810E-4684-BFA9-B14B3182338C} = {A97FE008-D5C6-48E3-A2A6-2720BCFE3272}
		{0020EC91-06E7-4447-A2FE-66C67CDA81B7} = {E5739448-83A4-4AFE-ADFF-5D4BEAFC3C2B}
		{B354D469-FCFB-4919-AE31-7BACEE92BD36} = {1A292E1B-6E45-4EB5-9F53-27DF8896E1F1}
		{197A6195-0BB1-4857-BB76-A328F064A51A} = {E5739448-83A4-4AFE-ADFF-5D4BEAFC3C2B}
		{D477C5A9-3893-4927-9B86-4F604AEAD4D0} = {58429178-4713-46E6-88D6-443CDC6CE3B7}
		{47A4C6AB-7678-4CC5-9731-BED81AF882A3} = {1A292E1B-6E45-4EB5-9F53-27DF8896E1F1}
		{071AD302-D27B-430B-AC04-586856D523A7} = {E5739448-83A4-4AFE-ADFF-5D4BEAFC3C2B}
		{FA83F66F-D541-4881-B254-3D3A025FF3F8} = {F4FF504E-AE1F-4B0C-8AD7-6BA68AF8EFB8}
	EndGlobalSection
EndGlobal
